
Microsoft Visual Studio Solution File, Format Version 12.00
# Visual Studio Version 17
VisualStudioVersion = 17.10.34607.79
MinimumVisualStudioVersion = 10.0.40219.1
Project("{2150E333-8FDC-42A3-9474-1A3956D46DE8}") = "Source", "Source", "{6E252540-C81C-470B-B3C8-CB548FE8B179}"
EndProject
Project("{2150E333-8FDC-42A3-9474-1A3956D46DE8}") = "Platforms", "Platforms", "{9D025332-38D7-432D-8019-E88F3E48B893}"
EndProject
Project("{2150E333-8FDC-42A3-9474-1A3956D46DE8}") = "Tests", "Tests", "{9AB2687F-8D20-4C33-BD8D-35B36526369C}"
EndProject
Project("{9A19103F-16F7-4668-BE54-9A1E7A4F7556}") = "GeoTest.DataContracts", "GeoTest.DataContracts\GeoTest.DataContracts.csproj", "{3AA76A2A-FA1A-48BC-AF52-0F2264D0913C}"
EndProject
Project("{9A19103F-16F7-4668-BE54-9A1E7A4F7556}") = "GeoTest", "GeoTest\GeoTest.csproj", "{BFE5F8A4-AAAB-4622-B6FF-D83320E884DD}"
EndProject
Project("{9A19103F-16F7-4668-BE54-9A1E7A4F7556}") = "GeoTest.UITests", "GeoTest.UITests\GeoTest.UITests.csproj", "{A676B251-7EBB-41C2-8ABC-6EF7F105E614}"
EndProject
Project("{9A19103F-16F7-4668-BE54-9A1E7A4F7556}") = "GeoTest.Tests", "GeoTest.Tests\GeoTest.Tests.csproj", "{67CC1626-84B3-4A99-A0D9-216C7534484A}"
EndProject
Project("{9A19103F-16F7-4668-BE54-9A1E7A4F7556}") = "GeoTest.Windows", "GeoTest.Windows\GeoTest.Windows.csproj", "{0FBF58BE-0EC0-4172-B3E1-C8082180CA48}"
EndProject
Project("{9A19103F-16F7-4668-BE54-9A1E7A4F7556}") = "GeoTest.Mobile", "GeoTest.Mobile\GeoTest.Mobile.csproj", "{E5B899AC-6C70-48C9-A01E-15E2A5864D87}"
EndProject
Project("{9A19103F-16F7-4668-BE54-9A1E7A4F7556}") = "GeoTest.Shared", "GeoTest.Shared\GeoTest.Shared.csproj", "{8413F525-ED14-4AE5-B676-58DAA1DBA719}"
EndProject
Project("{2150E333-8FDC-42A3-9474-1A3956D46DE8}") = "Solution Items", "Solution Items", "{D8DF10E6-3C08-47E2-860E-C18C325F7A9B}"
	ProjectSection(SolutionItems) = preProject
		.gitignore = .gitignore
		Directory.Build.props = Directory.Build.props
		Directory.Build.targets = Directory.Build.targets
		Directory.Packages.props = Directory.Packages.props
		solution-config.props.sample = solution-config.props.sample
	EndProjectSection
EndProject
Global
	GlobalSection(SolutionConfigurationPlatforms) = preSolution
		Debug|Any CPU = Debug|Any CPU
		Debug|arm64 = Debug|arm64
		Debug|x64 = Debug|x64
		Debug|x86 = Debug|x86
		Release|Any CPU = Release|Any CPU
		Release|arm64 = Release|arm64
		Release|x64 = Release|x64
		Release|x86 = Release|x86
	EndGlobalSection
	GlobalSection(ProjectConfigurationPlatforms) = postSolution
		{3AA76A2A-FA1A-48BC-AF52-0F2264D0913C}.Debug|Any CPU.ActiveCfg = Debug|Any CPU
		{3AA76A2A-FA1A-48BC-AF52-0F2264D0913C}.Debug|Any CPU.Build.0 = Debug|Any CPU
		{3AA76A2A-FA1A-48BC-AF52-0F2264D0913C}.Debug|arm64.ActiveCfg = Debug|Any CPU
		{3AA76A2A-FA1A-48BC-AF52-0F2264D0913C}.Debug|arm64.Build.0 = Debug|Any CPU
		{3AA76A2A-FA1A-48BC-AF52-0F2264D0913C}.Debug|x64.ActiveCfg = Debug|Any CPU
		{3AA76A2A-FA1A-48BC-AF52-0F2264D0913C}.Debug|x64.Build.0 = Debug|Any CPU
		{3AA76A2A-FA1A-48BC-AF52-0F2264D0913C}.Debug|x86.ActiveCfg = Debug|Any CPU
		{3AA76A2A-FA1A-48BC-AF52-0F2264D0913C}.Debug|x86.Build.0 = Debug|Any CPU
		{3AA76A2A-FA1A-48BC-AF52-0F2264D0913C}.Release|Any CPU.ActiveCfg = Release|Any CPU
		{3AA76A2A-FA1A-48BC-AF52-0F2264D0913C}.Release|Any CPU.Build.0 = Release|Any CPU
		{3AA76A2A-FA1A-48BC-AF52-0F2264D0913C}.Release|arm64.ActiveCfg = Release|Any CPU
		{3AA76A2A-FA1A-48BC-AF52-0F2264D0913C}.Release|arm64.Build.0 = Release|Any CPU
		{3AA76A2A-FA1A-48BC-AF52-0F2264D0913C}.Release|x64.ActiveCfg = Release|Any CPU
		{3AA76A2A-FA1A-48BC-AF52-0F2264D0913C}.Release|x64.Build.0 = Release|Any CPU
		{3AA76A2A-FA1A-48BC-AF52-0F2264D0913C}.Release|x86.ActiveCfg = Release|Any CPU
		{3AA76A2A-FA1A-48BC-AF52-0F2264D0913C}.Release|x86.Build.0 = Release|Any CPU
		{BFE5F8A4-AAAB-4622-B6FF-D83320E884DD}.Debug|Any CPU.ActiveCfg = Debug|Any CPU
		{BFE5F8A4-AAAB-4622-B6FF-D83320E884DD}.Debug|Any CPU.Build.0 = Debug|Any CPU
		{BFE5F8A4-AAAB-4622-B6FF-D83320E884DD}.Debug|arm64.ActiveCfg = Debug|Any CPU
		{BFE5F8A4-AAAB-4622-B6FF-D83320E884DD}.Debug|arm64.Build.0 = Debug|Any CPU
		{BFE5F8A4-AAAB-4622-B6FF-D83320E884DD}.Debug|x64.ActiveCfg = Debug|Any CPU
		{BFE5F8A4-AAAB-4622-B6FF-D83320E884DD}.Debug|x64.Build.0 = Debug|Any CPU
		{BFE5F8A4-AAAB-4622-B6FF-D83320E884DD}.Debug|x86.ActiveCfg = Debug|Any CPU
		{BFE5F8A4-AAAB-4622-B6FF-D83320E884DD}.Debug|x86.Build.0 = Debug|Any CPU
		{BFE5F8A4-AAAB-4622-B6FF-D83320E884DD}.Release|Any CPU.ActiveCfg = Release|Any CPU
		{BFE5F8A4-AAAB-4622-B6FF-D83320E884DD}.Release|Any CPU.Build.0 = Release|Any CPU
		{BFE5F8A4-AAAB-4622-B6FF-D83320E884DD}.Release|arm64.ActiveCfg = Release|Any CPU
		{BFE5F8A4-AAAB-4622-B6FF-D83320E884DD}.Release|arm64.Build.0 = Release|Any CPU
		{BFE5F8A4-AAAB-4622-B6FF-D83320E884DD}.Release|x64.ActiveCfg = Release|Any CPU
		{BFE5F8A4-AAAB-4622-B6FF-D83320E884DD}.Release|x64.Build.0 = Release|Any CPU
		{BFE5F8A4-AAAB-4622-B6FF-D83320E884DD}.Release|x86.ActiveCfg = Release|Any CPU
		{BFE5F8A4-AAAB-4622-B6FF-D83320E884DD}.Release|x86.Build.0 = Release|Any CPU
		{A676B251-7EBB-41C2-8ABC-6EF7F105E614}.Debug|Any CPU.ActiveCfg = Debug|Any CPU
		{A676B251-7EBB-41C2-8ABC-6EF7F105E614}.Debug|Any CPU.Build.0 = Debug|Any CPU
		{A676B251-7EBB-41C2-8ABC-6EF7F105E614}.Debug|arm64.ActiveCfg = Debug|Any CPU
		{A676B251-7EBB-41C2-8ABC-6EF7F105E614}.Debug|arm64.Build.0 = Debug|Any CPU
		{A676B251-7EBB-41C2-8ABC-6EF7F105E614}.Debug|x64.ActiveCfg = Debug|Any CPU
		{A676B251-7EBB-41C2-8ABC-6EF7F105E614}.Debug|x64.Build.0 = Debug|Any CPU
		{A676B251-7EBB-41C2-8ABC-6EF7F105E614}.Debug|x86.ActiveCfg = Debug|Any CPU
		{A676B251-7EBB-41C2-8ABC-6EF7F105E614}.Debug|x86.Build.0 = Debug|Any CPU
		{A676B251-7EBB-41C2-8ABC-6EF7F105E614}.Release|Any CPU.ActiveCfg = Release|Any CPU
		{A676B251-7EBB-41C2-8ABC-6EF7F105E614}.Release|Any CPU.Build.0 = Release|Any CPU
		{A676B251-7EBB-41C2-8ABC-6EF7F105E614}.Release|arm64.ActiveCfg = Release|Any CPU
		{A676B251-7EBB-41C2-8ABC-6EF7F105E614}.Release|arm64.Build.0 = Release|Any CPU
		{A676B251-7EBB-41C2-8ABC-6EF7F105E614}.Release|x64.ActiveCfg = Release|Any CPU
		{A676B251-7EBB-41C2-8ABC-6EF7F105E614}.Release|x64.Build.0 = Release|Any CPU
		{A676B251-7EBB-41C2-8ABC-6EF7F105E614}.Release|x86.ActiveCfg = Release|Any CPU
		{A676B251-7EBB-41C2-8ABC-6EF7F105E614}.Release|x86.Build.0 = Release|Any CPU
		{67CC1626-84B3-4A99-A0D9-216C7534484A}.Debug|Any CPU.ActiveCfg = Debug|Any CPU
		{67CC1626-84B3-4A99-A0D9-216C7534484A}.Debug|Any CPU.Build.0 = Debug|Any CPU
		{67CC1626-84B3-4A99-A0D9-216C7534484A}.Debug|arm64.ActiveCfg = Debug|Any CPU
		{67CC1626-84B3-4A99-A0D9-216C7534484A}.Debug|arm64.Build.0 = Debug|Any CPU
		{67CC1626-84B3-4A99-A0D9-216C7534484A}.Debug|x64.ActiveCfg = Debug|Any CPU
		{67CC1626-84B3-4A99-A0D9-216C7534484A}.Debug|x64.Build.0 = Debug|Any CPU
		{67CC1626-84B3-4A99-A0D9-216C7534484A}.Debug|x86.ActiveCfg = Debug|Any CPU
		{67CC1626-84B3-4A99-A0D9-216C7534484A}.Debug|x86.Build.0 = Debug|Any CPU
		{67CC1626-84B3-4A99-A0D9-216C7534484A}.Release|Any CPU.ActiveCfg = Release|Any CPU
		{67CC1626-84B3-4A99-A0D9-216C7534484A}.Release|Any CPU.Build.0 = Release|Any CPU
		{67CC1626-84B3-4A99-A0D9-216C7534484A}.Release|arm64.ActiveCfg = Release|Any CPU
		{67CC1626-84B3-4A99-A0D9-216C7534484A}.Release|arm64.Build.0 = Release|Any CPU
		{67CC1626-84B3-4A99-A0D9-216C7534484A}.Release|x64.ActiveCfg = Release|Any CPU
		{67CC1626-84B3-4A99-A0D9-216C7534484A}.Release|x64.Build.0 = Release|Any CPU
		{67CC1626-84B3-4A99-A0D9-216C7534484A}.Release|x86.ActiveCfg = Release|Any CPU
		{67CC1626-84B3-4A99-A0D9-216C7534484A}.Release|x86.Build.0 = Release|Any CPU
		{0FBF58BE-0EC0-4172-B3E1-C8082180CA48}.Debug|Any CPU.ActiveCfg = Debug|x64
		{0FBF58BE-0EC0-4172-B3E1-C8082180CA48}.Debug|Any CPU.Build.0 = Debug|x64
		{0FBF58BE-0EC0-4172-B3E1-C8082180CA48}.Debug|Any CPU.Deploy.0 = Debug|x64
		{0FBF58BE-0EC0-4172-B3E1-C8082180CA48}.Debug|arm64.ActiveCfg = Debug|arm64
		{0FBF58BE-0EC0-4172-B3E1-C8082180CA48}.Debug|arm64.Build.0 = Debug|arm64
		{0FBF58BE-0EC0-4172-B3E1-C8082180CA48}.Debug|arm64.Deploy.0 = Debug|arm64
		{0FBF58BE-0EC0-4172-B3E1-C8082180CA48}.Debug|x64.ActiveCfg = Debug|x64
		{0FBF58BE-0EC0-4172-B3E1-C8082180CA48}.Debug|x64.Build.0 = Debug|x64
		{0FBF58BE-0EC0-4172-B3E1-C8082180CA48}.Debug|x64.Deploy.0 = Debug|x64
		{0FBF58BE-0EC0-4172-B3E1-C8082180CA48}.Debug|x86.ActiveCfg = Debug|x86
		{0FBF58BE-0EC0-4172-B3E1-C8082180CA48}.Debug|x86.Build.0 = Debug|x86
		{0FBF58BE-0EC0-4172-B3E1-C8082180CA48}.Debug|x86.Deploy.0 = Debug|x86
		{0FBF58BE-0EC0-4172-B3E1-C8082180CA48}.Release|Any CPU.ActiveCfg = Release|x64
		{0FBF58BE-0EC0-4172-B3E1-C8082180CA48}.Release|Any CPU.Build.0 = Release|x64
		{0FBF58BE-0EC0-4172-B3E1-C8082180CA48}.Release|Any CPU.Deploy.0 = Release|x64
		{0FBF58BE-0EC0-4172-B3E1-C8082180CA48}.Release|arm64.ActiveCfg = Release|arm64
		{0FBF58BE-0EC0-4172-B3E1-C8082180CA48}.Release|arm64.Build.0 = Release|arm64
		{0FBF58BE-0EC0-4172-B3E1-C8082180CA48}.Release|arm64.Deploy.0 = Release|arm64
		{0FBF58BE-0EC0-4172-B3E1-C8082180CA48}.Release|x64.ActiveCfg = Release|x64
		{0FBF58BE-0EC0-4172-B3E1-C8082180CA48}.Release|x64.Build.0 = Release|x64
		{0FBF58BE-0EC0-4172-B3E1-C8082180CA48}.Release|x64.Deploy.0 = Release|x64
		{0FBF58BE-0EC0-4172-B3E1-C8082180CA48}.Release|x86.ActiveCfg = Release|x86
		{0FBF58BE-0EC0-4172-B3E1-C8082180CA48}.Release|x86.Build.0 = Release|x86
		{0FBF58BE-0EC0-4172-B3E1-C8082180CA48}.Release|x86.Deploy.0 = Release|x86
		{E5B899AC-6C70-48C9-A01E-15E2A5864D87}.Debug|Any CPU.ActiveCfg = Debug|Any CPU
		{E5B899AC-6C70-48C9-A01E-15E2A5864D87}.Debug|Any CPU.Build.0 = Debug|Any CPU
		{E5B899AC-6C70-48C9-A01E-15E2A5864D87}.Debug|Any CPU.Deploy.0 = Debug|Any CPU
		{E5B899AC-6C70-48C9-A01E-15E2A5864D87}.Debug|arm64.ActiveCfg = Debug|Any CPU
		{E5B899AC-6C70-48C9-A01E-15E2A5864D87}.Debug|arm64.Build.0 = Debug|Any CPU
		{E5B899AC-6C70-48C9-A01E-15E2A5864D87}.Debug|x64.ActiveCfg = Debug|Any CPU
		{E5B899AC-6C70-48C9-A01E-15E2A5864D87}.Debug|x64.Build.0 = Debug|Any CPU
		{E5B899AC-6C70-48C9-A01E-15E2A5864D87}.Debug|x86.ActiveCfg = Debug|Any CPU
		{E5B899AC-6C70-48C9-A01E-15E2A5864D87}.Debug|x86.Build.0 = Debug|Any CPU
		{E5B899AC-6C70-48C9-A01E-15E2A5864D87}.Release|Any CPU.ActiveCfg = Release|Any CPU
		{E5B899AC-6C70-48C9-A01E-15E2A5864D87}.Release|Any CPU.Build.0 = Release|Any CPU
		{E5B899AC-6C70-48C9-A01E-15E2A5864D87}.Release|Any CPU.Deploy.0 = Release|Any CPU
		{E5B899AC-6C70-48C9-A01E-15E2A5864D87}.Release|arm64.ActiveCfg = Release|Any CPU
		{E5B899AC-6C70-48C9-A01E-15E2A5864D87}.Release|arm64.Build.0 = Release|Any CPU
		{E5B899AC-6C70-48C9-A01E-15E2A5864D87}.Release|x64.ActiveCfg = Release|Any CPU
		{E5B899AC-6C70-48C9-A01E-15E2A5864D87}.Release|x64.Build.0 = Release|Any CPU
		{E5B899AC-6C70-48C9-A01E-15E2A5864D87}.Release|x86.ActiveCfg = Release|Any CPU
		{E5B899AC-6C70-48C9-A01E-15E2A5864D87}.Release|x86.Build.0 = Release|Any CPU
		{8413F525-ED14-4AE5-B676-58DAA1DBA719}.Debug|Any CPU.ActiveCfg = Debug|Any CPU
		{8413F525-ED14-4AE5-B676-58DAA1DBA719}.Debug|Any CPU.Build.0 = Debug|Any CPU
		{8413F525-ED14-4AE5-B676-58DAA1DBA719}.Debug|arm64.ActiveCfg = Debug|Any CPU
		{8413F525-ED14-4AE5-B676-58DAA1DBA719}.Debug|arm64.Build.0 = Debug|Any CPU
		{8413F525-ED14-4AE5-B676-58DAA1DBA719}.Debug|x64.ActiveCfg = Debug|Any CPU
		{8413F525-ED14-4AE5-B676-58DAA1DBA719}.Debug|x64.Build.0 = Debug|Any CPU
		{8413F525-ED14-4AE5-B676-58DAA1DBA719}.Debug|x86.ActiveCfg = Debug|Any CPU
		{8413F525-ED14-4AE5-B676-58DAA1DBA719}.Debug|x86.Build.0 = Debug|Any CPU
		{8413F525-ED14-4AE5-B676-58DAA1DBA719}.Release|Any CPU.ActiveCfg = Release|Any CPU
		{8413F525-ED14-4AE5-B676-58DAA1DBA719}.Release|Any CPU.Build.0 = Release|Any CPU
		{8413F525-ED14-4AE5-B676-58DAA1DBA719}.Release|arm64.ActiveCfg = Release|Any CPU
		{8413F525-ED14-4AE5-B676-58DAA1DBA719}.Release|arm64.Build.0 = Release|Any CPU
		{8413F525-ED14-4AE5-B676-58DAA1DBA719}.Release|x64.ActiveCfg = Release|Any CPU
		{8413F525-ED14-4AE5-B676-58DAA1DBA719}.Release|x64.Build.0 = Release|Any CPU
		{8413F525-ED14-4AE5-B676-58DAA1DBA719}.Release|x86.ActiveCfg = Release|Any CPU
		{8413F525-ED14-4AE5-B676-58DAA1DBA719}.Release|x86.Build.0 = Release|Any CPU
	EndGlobalSection
	GlobalSection(SolutionProperties) = preSolution
		HideSolutionNode = FALSE
	EndGlobalSection
	GlobalSection(NestedProjects) = preSolution
		{9D025332-38D7-432D-8019-E88F3E48B893} = {6E252540-C81C-470B-B3C8-CB548FE8B179}
		{3AA76A2A-FA1A-48BC-AF52-0F2264D0913C} = {6E252540-C81C-470B-B3C8-CB548FE8B179}
		{BFE5F8A4-AAAB-4622-B6FF-D83320E884DD} = {6E252540-C81C-470B-B3C8-CB548FE8B179}
		{A676B251-7EBB-41C2-8ABC-6EF7F105E614} = {9AB2687F-8D20-4C33-BD8D-35B36526369C}
		{67CC1626-84B3-4A99-A0D9-216C7534484A} = {9AB2687F-8D20-4C33-BD8D-35B36526369C}
		{0FBF58BE-0EC0-4172-B3E1-C8082180CA48} = {9D025332-38D7-432D-8019-E88F3E48B893}
		{E5B899AC-6C70-48C9-A01E-15E2A5864D87} = {9D025332-38D7-432D-8019-E88F3E48B893}
		{8413F525-ED14-4AE5-B676-58DAA1DBA719} = {9D025332-38D7-432D-8019-E88F3E48B893}
	EndGlobalSection
	GlobalSection(ExtensibilityGlobals) = postSolution
		SolutionGuid = {61E00270-10A6-4AD7-8AD5-D3447515C935}
	EndGlobalSection
EndGlobal
